
Microsoft Visual Studio Solution File, Format Version 12.00
# Visual Studio Version 17
VisualStudioVersion = 17.5.002.0
MinimumVisualStudioVersion = 10.0.40219.1
Project("{9A19103F-16F7-4668-BE54-9A1E7A4F7556}") = "SessionWorkshop", "SessionWorkshop.csproj", "{F613939A-1B1D-437A-8CD4-A65F991770B1}"
EndProject
Global
	GlobalSection(SolutionConfigurationPlatforms) = preSolution
		Debug|Any CPU = Debug|Any CPU
		Release|Any CPU = Release|Any CPU
	EndGlobalSection
	GlobalSection(ProjectConfigurationPlatforms) = postSolution
		{F613939A-1B1D-437A-8CD4-A65F991770B1}.Debug|Any CPU.ActiveCfg = Debug|Any CPU
		{F613939A-1B1D-437A-8CD4-A65F991770B1}.Debug|Any CPU.Build.0 = Debug|Any CPU
		{F613939A-1B1D-437A-8CD4-A65F991770B1}.Release|Any CPU.ActiveCfg = Release|Any CPU
		{F613939A-1B1D-437A-8CD4-A65F991770B1}.Release|Any CPU.Build.0 = Release|Any CPU
	EndGlobalSection
	GlobalSection(SolutionProperties) = preSolution
		HideSolutionNode = FALSE
	EndGlobalSection
	GlobalSection(ExtensibilityGlobals) = postSolution
		SolutionGuid = {5F66E996-C7C5-4CFA-8F4E-EC588E2E976E}
	EndGlobalSection
EndGlobal
